
Microsoft Visual Studio Solution File, Format Version 12.00
# Visual Studio Version 17
VisualStudioVersion = 17.6.33723.286
MinimumVisualStudioVersion = 10.0.40219.1
Project("{9A19103F-16F7-4668-BE54-9A1E7A4F7556}") = "CqrsInExample.Api", "CqrsInExample.Api\CqrsInExample.Api.csproj", "{97FE6D52-1CA2-4A11-B401-C24B2F0E331F}"
EndProject
Project("{FAE04EC0-301F-11D3-BF4B-00C04F79EFBC}") = "CqrsInExample.Application", "CqrsInExample.Application\CqrsInExample.Application.csproj", "{ACFA85A1-F5FB-4E2C-ABC1-367EA8433DE5}"
EndProject
Global
	GlobalSection(SolutionConfigurationPlatforms) = preSolution
		Debug|Any CPU = Debug|Any CPU
		Release|Any CPU = Release|Any CPU
	EndGlobalSection
	GlobalSection(ProjectConfigurationPlatforms) = postSolution
		{97FE6D52-1CA2-4A11-B401-C24B2F0E331F}.Debug|Any CPU.ActiveCfg = Debug|Any CPU
		{97FE6D52-1CA2-4A11-B401-C24B2F0E331F}.Debug|Any CPU.Build.0 = Debug|Any CPU
		{97FE6D52-1CA2-4A11-B401-C24B2F0E331F}.Release|Any CPU.ActiveCfg = Release|Any CPU
		{97FE6D52-1CA2-4A11-B401-C24B2F0E331F}.Release|Any CPU.Build.0 = Release|Any CPU
		{ACFA85A1-F5FB-4E2C-ABC1-367EA8433DE5}.Debug|Any CPU.ActiveCfg = Debug|Any CPU
		{ACFA85A1-F5FB-4E2C-ABC1-367EA8433DE5}.Debug|Any CPU.Build.0 = Debug|Any CPU
		{ACFA85A1-F5FB-4E2C-ABC1-367EA8433DE5}.Release|Any CPU.ActiveCfg = Release|Any CPU
		{ACFA85A1-F5FB-4E2C-ABC1-367EA8433DE5}.Release|Any CPU.Build.0 = Release|Any CPU
	EndGlobalSection
	GlobalSection(SolutionProperties) = preSolution
		HideSolutionNode = FALSE
	EndGlobalSection
	GlobalSection(ExtensibilityGlobals) = postSolution
		SolutionGuid = {2888C63F-D989-46AF-948B-7B4545311B42}
	EndGlobalSection
EndGlobal
